version = 1
revision = 1
requires-python = ">=3.13.0"

[[package]]
name = "black"
version = "25.1.0"
source = { registry = "https://pypi.org/simple" }
dependencies = [
    { name = "click" },
    { name = "mypy-extensions" },
    { name = "packaging" },
    { name = "pathspec" },
    { name = "platformdirs" },
]
sdist = { url = "https://files.pythonhosted.org/packages/94/49/26a7b0f3f35da4b5a65f081943b7bcd22d7002f5f0fb8098ec1ff21cb6ef/black-25.1.0.tar.gz", hash = "sha256:33496d5cd1222ad73391352b4ae8da15253c5de89b93a80b3e2c8d9a19ec2666", size = 649449 }
wheels = [
    { url = "https://files.pythonhosted.org/packages/98/87/0edf98916640efa5d0696e1abb0a8357b52e69e82322628f25bf14d263d1/black-25.1.0-cp313-cp313-macosx_10_13_x86_64.whl", hash = "sha256:8f0b18a02996a836cc9c9c78e5babec10930862827b1b724ddfe98ccf2f2fe4f", size = 1650673 },
    { url = "https://files.pythonhosted.org/packages/52/e5/f7bf17207cf87fa6e9b676576749c6b6ed0d70f179a3d812c997870291c3/black-25.1.0-cp313-cp313-macosx_11_0_arm64.whl", hash = "sha256:afebb7098bfbc70037a053b91ae8437c3857482d3a690fefc03e9ff7aa9a5fd3", size = 1453190 },
    { url = "https://files.pythonhosted.org/packages/e3/ee/adda3d46d4a9120772fae6de454c8495603c37c4c3b9c60f25b1ab6401fe/black-25.1.0-cp313-cp313-manylinux_2_17_x86_64.manylinux2014_x86_64.manylinux_2_28_x86_64.whl", hash = "sha256:030b9759066a4ee5e5aca28c3c77f9c64789cdd4de8ac1df642c40b708be6171", size = 1782926 },
    { url = "https://files.pythonhosted.org/packages/cc/64/94eb5f45dcb997d2082f097a3944cfc7fe87e071907f677e80788a2d7b7a/black-25.1.0-cp313-cp313-win_amd64.whl", hash = "sha256:a22f402b410566e2d1c950708c77ebf5ebd5d0d88a6a2e87c86d9fb48afa0d18", size = 1442613 },
    { url = "https://files.pythonhosted.org/packages/09/71/54e999902aed72baf26bca0d50781b01838251a462612966e9fc4891eadd/black-25.1.0-py3-none-any.whl", hash = "sha256:95e8176dae143ba9097f351d174fdaf0ccd29efb414b362ae3fd72bf0f710717", size = 207646 },
]

[[package]]
name = "click"
version = "8.2.1"
source = { registry = "https://pypi.org/simple" }
dependencies = [
    { name = "colorama", marker = "sys_platform == 'win32'" },
]
sdist = { url = "https://files.pythonhosted.org/packages/60/6c/8ca2efa64cf75a977a0d7fac081354553ebe483345c734fb6b6515d96bbc/click-8.2.1.tar.gz", hash = "sha256:27c491cc05d968d271d5a1db13e3b5a184636d9d930f148c50b038f0d0646202", size = 286342 }
wheels = [
    { url = "https://files.pythonhosted.org/packages/85/32/10bb5764d90a8eee674e9dc6f4db6a0ab47c8c4d0d83c27f7c39ac415a4d/click-8.2.1-py3-none-any.whl", hash = "sha256:61a3265b914e850b85317d0b3109c7f8cd35a670f963866005d6ef1d5175a12b", size = 102215 },
]

[[package]]
name = "colorama"
version = "0.4.6"
source = { registry = "https://pypi.org/simple" }
sdist = { url = "https://files.pythonhosted.org/packages/d8/53/6f443c9a4a8358a93a6792e2acffb9d9d5cb0a5cfd8802644b7b1c9a02e4/colorama-0.4.6.tar.gz", hash = "sha256:08695f5cb7ed6e0531a20572697297273c47b8cae5a63ffc6d6ed5c201be6e44", size = 27697 }
wheels = [
    { url = "https://files.pythonhosted.org/packages/d1/d6/3965ed04c63042e047cb6a3e6ed1a63a35087b6a609aa3a15ed8ac56c221/colorama-0.4.6-py2.py3-none-any.whl", hash = "sha256:4f1d9991f5acc0ca119f9d443620b77f9d6b33703e51011c16baf57afb285fc6", size = 25335 },
]

[[package]]
name = "exifread"
version = "3.3.1"
source = { registry = "https://pypi.org/simple" }
sdist = { url = "https://files.pythonhosted.org/packages/5f/d4/6aabccc3da60e7c47f235002d4e15844f24dadaf862dd4f3b0fe2c142538/exifread-3.3.1.tar.gz", hash = "sha256:320d8596c1f674a1da2c10cf30408bb9675262c4c0181bebbd3570679d2f1340", size = 51928 }
wheels = [
    { url = "https://files.pythonhosted.org/packages/60/2c/44ecdb24b6b9e895470ba793a37442f4593ca1d54a3a786f72d7d6fdbdd6/exifread-3.3.1-py3-none-any.whl", hash = "sha256:b7405f890738dbca9992f74a326a4ac3d51512cd129353950d69e774dc5a1767", size = 54322 },
]

[[package]]
name = "exiv2"
version = "0.17.3"
source = { registry = "https://pypi.org/simple" }
sdist = { url = "https://files.pythonhosted.org/packages/fd/bf/91bdf56a7e782bc57b8fa9a7dbafdaddcc2c18854ab65bc0dcf80f84eb38/exiv2-0.17.3.tar.gz", hash = "sha256:07874b29f8019688294408f93d4b7f7a9d59a40231c8ab895a48e8e8f265bc4b", size = 1655877 }
wheels = [
    { url = "https://files.pythonhosted.org/packages/22/e3/699ade81dfc6031990aa2a2cdeb1391e3e2935af785f5e8bf951f1699a3c/exiv2-0.17.3-cp313-cp313-macosx_13_0_x86_64.whl", hash = "sha256:2e1164e33c3e13ff94c4bb34bcb1a9d49a207e9466b89111d4a572233e8d3972", size = 6049928 },
    { url = "https://files.pythonhosted.org/packages/3b/7d/468cdc3ef3e7dcf8bc17c0972f77a244145c0f12c7fb05f3f05835df3338/exiv2-0.17.3-cp313-cp313-macosx_14_0_arm64.whl", hash = "sha256:8cd671602ca81d6d0df4e23c2f415afd73644c21ff3f785cfb8f5a1b42134c28", size = 5909183 },
    { url = "https://files.pythonhosted.org/packages/7d/fb/f7f08e656e4eeaf20a8165fcee696f5dd45325c7f4a073bf61daa3f67714/exiv2-0.17.3-cp313-cp313-manylinux_2_28_x86_64.whl", hash = "sha256:c24dec00e7905260d6e4fecffbe3f695e74e83e891ee3e79b6de98ae2078baba", size = 15278334 },
    { url = "https://files.pythonhosted.org/packages/cc/3b/4a124256d56299d240f2cd66a257ed67355ed91d3f048d0e319fd8c99244/exiv2-0.17.3-cp313-cp313-win_amd64.whl", hash = "sha256:6ffb59fbd19fe12d858451cd7217ac6c6f793c2253e45e50acd6d69ec17bd73e", size = 8484386 },
]

[[package]]
name = "generator"
version = "0.1.0"
source = { virtual = "." }
dependencies = [
    { name = "black" },
    { name = "exifread" },
    { name = "exiv2" },
    { name = "geojson" },
    { name = "gpxpy" },
    { name = "lxml" },
    { name = "pymediainfo" },
    { name = "python-magic" },
]

[package.metadata]
requires-dist = [
    { name = "black", specifier = ">=25.1.0" },
    { name = "exifread", specifier = ">=3.3.1" },
    { name = "exiv2", specifier = ">=0.17.3" },
    { name = "geojson", specifier = ">=3.2.0" },
    { name = "gpxpy", specifier = ">=1.6.2" },
    { name = "lxml", specifier = ">=6.0.0" },
    { name = "pymediainfo", specifier = ">=7.0.1" },
    { name = "python-magic", specifier = ">=0.4.27" },
]

[[package]]
name = "geojson"
version = "3.2.0"
source = { registry = "https://pypi.org/simple" }
sdist = { url = "https://files.pythonhosted.org/packages/85/5a/33e761df75c732fcea94aaf01f993d823138581d10c91133da58bc231e63/geojson-3.2.0.tar.gz", hash = "sha256:b860baba1e8c6f71f8f5f6e3949a694daccf40820fa8f138b3f712bd85804903", size = 24574 }
wheels = [
    { url = "https://files.pythonhosted.org/packages/18/67/a7fa2d650602731c90e0a86279841b4586e14228199e8c09165ba4863e29/geojson-3.2.0-py3-none-any.whl", hash = "sha256:69d14156469e13c79479672eafae7b37e2dcd19bdfd77b53f74fa8fe29910b52", size = 15040 },
]

[[package]]
name = "gpxpy"
version = "1.6.2"
source = { registry = "https://pypi.org/simple" }
sdist = { url = "https://files.pythonhosted.org/packages/20/ad/6f1a34e702c72cb495bb258396f237ded76c00f9fe67054a44d778d24ed9/gpxpy-1.6.2.tar.gz", hash = "sha256:a72c484b97ec42b80834353b029cc8ee1b79f0ffca1179b2210bb3baf26c01ae", size = 111695 }
wheels = [
    { url = "https://files.pythonhosted.org/packages/44/9f/62df6c1e52462bdd04275b36cec49efa9e8af7e7b834499eb288f73dcfbc/gpxpy-1.6.2-py3-none-any.whl", hash = "sha256:289bc2d80f116c988d0a1e763fda22838f83005573ece2bbc6521817b26fb40a", size = 42649 },
]

[[package]]
name = "lxml"
version = "6.0.0"
source = { registry = "https://pypi.org/simple" }
sdist = { url = "https://files.pythonhosted.org/packages/c5/ed/60eb6fa2923602fba988d9ca7c5cdbd7cf25faa795162ed538b527a35411/lxml-6.0.0.tar.gz", hash = "sha256:032e65120339d44cdc3efc326c9f660f5f7205f3a535c1fdbf898b29ea01fb72", size = 4096938 }
wheels = [
    { url = "https://files.pythonhosted.org/packages/79/21/6e7c060822a3c954ff085e5e1b94b4a25757c06529eac91e550f3f5cd8b8/lxml-6.0.0-cp313-cp313-macosx_10_13_universal2.whl", hash = "sha256:6da7cd4f405fd7db56e51e96bff0865b9853ae70df0e6720624049da76bde2da", size = 8414372 },
    { url = "https://files.pythonhosted.org/packages/a4/f6/051b1607a459db670fc3a244fa4f06f101a8adf86cda263d1a56b3a4f9d5/lxml-6.0.0-cp313-cp313-macosx_10_13_x86_64.whl", hash = "sha256:b34339898bb556a2351a1830f88f751679f343eabf9cf05841c95b165152c9e7", size = 4593940 },
    { url = "https://files.pythonhosted.org/packages/8e/74/dd595d92a40bda3c687d70d4487b2c7eff93fd63b568acd64fedd2ba00fe/lxml-6.0.0-cp313-cp313-manylinux2010_i686.manylinux2014_i686.manylinux_2_12_i686.manylinux_2_17_i686.whl", hash = "sha256:51a5e4c61a4541bd1cd3ba74766d0c9b6c12d6a1a4964ef60026832aac8e79b3", size = 5214329 },
    { url = "https://files.pythonhosted.org/packages/52/46/3572761efc1bd45fcafb44a63b3b0feeb5b3f0066886821e94b0254f9253/lxml-6.0.0-cp313-cp313-manylinux2014_aarch64.manylinux_2_17_aarch64.whl", hash = "sha256:d18a25b19ca7307045581b18b3ec9ead2b1db5ccd8719c291f0cd0a5cec6cb81", size = 4947559 },
    { url = "https://files.pythonhosted.org/packages/94/8a/5e40de920e67c4f2eef9151097deb9b52d86c95762d8ee238134aff2125d/lxml-6.0.0-cp313-cp313-manylinux2014_x86_64.manylinux_2_17_x86_64.whl", hash = "sha256:d4f0c66df4386b75d2ab1e20a489f30dc7fd9a06a896d64980541506086be1f1", size = 5102143 },
    { url = "https://files.pythonhosted.org/packages/7c/4b/20555bdd75d57945bdabfbc45fdb1a36a1a0ff9eae4653e951b2b79c9209/lxml-6.0.0-cp313-cp313-manylinux_2_27_aarch64.manylinux_2_28_aarch64.whl", hash = "sha256:9f4b481b6cc3a897adb4279216695150bbe7a44c03daba3c894f49d2037e0a24", size = 5021931 },
    { url = "https://files.pythonhosted.org/packages/b6/6e/cf03b412f3763d4ca23b25e70c96a74cfece64cec3addf1c4ec639586b13/lxml-6.0.0-cp313-cp313-manylinux_2_27_ppc64le.manylinux_2_28_ppc64le.whl", hash = "sha256:8a78d6c9168f5bcb20971bf3329c2b83078611fbe1f807baadc64afc70523b3a", size = 5645469 },
    { url = "https://files.pythonhosted.org/packages/d4/dd/39c8507c16db6031f8c1ddf70ed95dbb0a6d466a40002a3522c128aba472/lxml-6.0.0-cp313-cp313-manylinux_2_27_x86_64.manylinux_2_28_x86_64.whl", hash = "sha256:2ae06fbab4f1bb7db4f7c8ca9897dc8db4447d1a2b9bee78474ad403437bcc29", size = 5247467 },
    { url = "https://files.pythonhosted.org/packages/4d/56/732d49def0631ad633844cfb2664563c830173a98d5efd9b172e89a4800d/lxml-6.0.0-cp313-cp313-manylinux_2_31_armv7l.whl", hash = "sha256:1fa377b827ca2023244a06554c6e7dc6828a10aaf74ca41965c5d8a4925aebb4", size = 4720601 },
    { url = "https://files.pythonhosted.org/packages/8f/7f/6b956fab95fa73462bca25d1ea7fc8274ddf68fb8e60b78d56c03b65278e/lxml-6.0.0-cp313-cp313-musllinux_1_2_aarch64.whl", hash = "sha256:1676b56d48048a62ef77a250428d1f31f610763636e0784ba67a9740823988ca", size = 5060227 },
    { url = "https://files.pythonhosted.org/packages/97/06/e851ac2924447e8b15a294855caf3d543424364a143c001014d22c8ca94c/lxml-6.0.0-cp313-cp313-musllinux_1_2_armv7l.whl", hash = "sha256:0e32698462aacc5c1cf6bdfebc9c781821b7e74c79f13e5ffc8bfe27c42b1abf", size = 4790637 },
    { url = "https://files.pythonhosted.org/packages/06/d4/fd216f3cd6625022c25b336c7570d11f4a43adbaf0a56106d3d496f727a7/lxml-6.0.0-cp313-cp313-musllinux_1_2_ppc64le.whl", hash = "sha256:4d6036c3a296707357efb375cfc24bb64cd955b9ec731abf11ebb1e40063949f", size = 5662049 },
    { url = "https://files.pythonhosted.org/packages/52/03/0e764ce00b95e008d76b99d432f1807f3574fb2945b496a17807a1645dbd/lxml-6.0.0-cp313-cp313-musllinux_1_2_x86_64.whl", hash = "sha256:7488a43033c958637b1a08cddc9188eb06d3ad36582cebc7d4815980b47e27ef", size = 5272430 },
    { url = "https://files.pythonhosted.org/packages/5f/01/d48cc141bc47bc1644d20fe97bbd5e8afb30415ec94f146f2f76d0d9d098/lxml-6.0.0-cp313-cp313-win32.whl", hash = "sha256:5fcd7d3b1d8ecb91445bd71b9c88bdbeae528fefee4f379895becfc72298d181", size = 3612896 },
    { url = "https://files.pythonhosted.org/packages/f4/87/6456b9541d186ee7d4cb53bf1b9a0d7f3b1068532676940fdd594ac90865/lxml-6.0.0-cp313-cp313-win_amd64.whl", hash = "sha256:2f34687222b78fff795feeb799a7d44eca2477c3d9d3a46ce17d51a4f383e32e", size = 4013132 },
    { url = "https://files.pythonhosted.org/packages/b7/42/85b3aa8f06ca0d24962f8100f001828e1f1f1a38c954c16e71154ed7d53a/lxml-6.0.0-cp313-cp313-win_arm64.whl", hash = "sha256:21db1ec5525780fd07251636eb5f7acb84003e9382c72c18c542a87c416ade03", size = 3672642 },
]

[[package]]
name = "mypy-extensions"
version = "1.1.0"
source = { registry = "https://pypi.org/simple" }
sdist = { url = "https://files.pythonhosted.org/packages/a2/6e/371856a3fb9d31ca8dac321cda606860fa4548858c0cc45d9d1d4ca2628b/mypy_extensions-1.1.0.tar.gz", hash = "sha256:52e68efc3284861e772bbcd66823fde5ae21fd2fdb51c62a211403730b916558", size = 6343 }
wheels = [
    { url = "https://files.pythonhosted.org/packages/79/7b/2c79738432f5c924bef5071f933bcc9efd0473bac3b4aa584a6f7c1c8df8/mypy_extensions-1.1.0-py3-none-any.whl", hash = "sha256:1be4cccdb0f2482337c4743e60421de3a356cd97508abadd57d47403e94f5505", size = 4963 },
]

[[package]]
name = "packaging"
version = "25.0"
source = { registry = "https://pypi.org/simple" }
sdist = { url = "https://files.pythonhosted.org/packages/a1/d4/1fc4078c65507b51b96ca8f8c3ba19e6a61c8253c72794544580a7b6c24d/packaging-25.0.tar.gz", hash = "sha256:d443872c98d677bf60f6a1f2f8c1cb748e8fe762d2bf9d3148b5599295b0fc4f", size = 165727 }
wheels = [
    { url = "https://files.pythonhosted.org/packages/20/12/38679034af332785aac8774540895e234f4d07f7545804097de4b666afd8/packaging-25.0-py3-none-any.whl", hash = "sha256:29572ef2b1f17581046b3a2227d5c611fb25ec70ca1ba8554b24b0e69331a484", size = 66469 },
]

[[package]]
name = "pathspec"
version = "0.12.1"
source = { registry = "https://pypi.org/simple" }
sdist = { url = "https://files.pythonhosted.org/packages/ca/bc/f35b8446f4531a7cb215605d100cd88b7ac6f44ab3fc94870c120ab3adbf/pathspec-0.12.1.tar.gz", hash = "sha256:a482d51503a1ab33b1c67a6c3813a26953dbdc71c31dacaef9a838c4e29f5712", size = 51043 }
wheels = [
    { url = "https://files.pythonhosted.org/packages/cc/20/ff623b09d963f88bfde16306a54e12ee5ea43e9b597108672ff3a408aad6/pathspec-0.12.1-py3-none-any.whl", hash = "sha256:a0d503e138a4c123b27490a4f7beda6a01c6f288df0e4a8b79c7eb0dc7b4cc08", size = 31191 },
]

[[package]]
name = "platformdirs"
version = "4.3.8"
source = { registry = "https://pypi.org/simple" }
sdist = { url = "https://files.pythonhosted.org/packages/fe/8b/3c73abc9c759ecd3f1f7ceff6685840859e8070c4d947c93fae71f6a0bf2/platformdirs-4.3.8.tar.gz", hash = "sha256:3d512d96e16bcb959a814c9f348431070822a6496326a4be0911c40b5a74c2bc", size = 21362 }
wheels = [
    { url = "https://files.pythonhosted.org/packages/fe/39/979e8e21520d4e47a0bbe349e2713c0aac6f3d853d0e5b34d76206c439aa/platformdirs-4.3.8-py3-none-any.whl", hash = "sha256:ff7059bb7eb1179e2685604f4aaf157cfd9535242bd23742eadc3c13542139b4", size = 18567 },
]

[[package]]
name = "pymediainfo"
version = "7.0.1"
source = { registry = "https://pypi.org/simple" }
sdist = { url = "https://files.pythonhosted.org/packages/4d/80/80a6fb21005b81e30f6193d45cba13857df09f5d483e0551fa6fbb3aaeed/pymediainfo-7.0.1.tar.gz", hash = "sha256:0d5df59ecc615e24c56f303b8f651579c6accab7265715e5d429186d7ba21514", size = 441563 }
wheels = [
    { url = "https://files.pythonhosted.org/packages/a6/4a/d895646df3d3ff617b54d7f06a02ed9d6f5b86673030a543927310e0f7ed/pymediainfo-7.0.1-py3-none-macosx_10_10_universal2.whl", hash = "sha256:286f3bf6299be0997093254e0f371855bc5cf2aaf8641d19455a011e3ee3a84d", size = 6983332 },
    { url = "https://files.pythonhosted.org/packages/77/df/bc6b5a08e908c64a81f6ff169716d408ce7380ceff44e1eceb095f49e0dc/pymediainfo-7.0.1-py3-none-manylinux_2_27_aarch64.whl", hash = "sha256:3648e2379fa67bd02433d1e28c707df3a53834dd480680615a9fefd2266f1182", size = 5768082 },
    { url = "https://files.pythonhosted.org/packages/02/10/a9bc1446a48d3a15940eb1af79a71978f368f27e2cc86f9ec3ec2d206a20/pymediainfo-7.0.1-py3-none-manylinux_2_27_x86_64.whl", hash = "sha256:cde98112f1ce486589b17a12e5da42085faea996224f7c67fa45b8c1dca719c6", size = 6001553 },
    { url = "https://files.pythonhosted.org/packages/ed/7f/c48f8514cb60c9ff9be81b6f383e73e66c7461ef854a1b62628e3c823f13/pymediainfo-7.0.1-py3-none-win32.whl", hash = "sha256:01bcaf82b72cefbf4b96f13b2547e1b2e0e734bab7173d7c33f7f01acc07c98b", size = 3125046 },
    { url = "https://files.pythonhosted.org/packages/e7/26/9d50c2a330541bc36c0ea7ce29eeff5b0c35c2624139660df8bcfa9ae3ce/pymediainfo-7.0.1-py3-none-win_amd64.whl", hash = "sha256:13224fa7590e198763b8baf072e704ea81d334e71aa32a469091460e243893c7", size = 3271232 },
]

[[package]]
name = "python-magic"
version = "0.4.27"
source = { registry = "https://pypi.org/simple" }
sdist = { url = "https://files.pythonhosted.org/packages/da/db/0b3e28ac047452d079d375ec6798bf76a036a08182dbb39ed38116a49130/python-magic-0.4.27.tar.gz", hash = "sha256:c1ba14b08e4a5f5c31a302b7721239695b2f0f058d125bd5ce1ee36b9d9d3c3b", size = 14677 }
wheels = [
    { url = "https://files.pythonhosted.org/packages/6c/73/9f872cb81fc5c3bb48f7227872c28975f998f3e7c2b1c16e95e6432bbb90/python_magic-0.4.27-py2.py3-none-any.whl", hash = "sha256:c212960ad306f700aa0d01e5d7a325d20548ff97eb9920dcd29513174f0294d3", size = 13840 },
]
